
Microsoft Visual Studio Solution File, Format Version 12.00
# Visual Studio Version 16
VisualStudioVersion = 16.0.31105.61
MinimumVisualStudioVersion = 10.0.40219.1
Project("{FAE04EC0-301F-11D3-BF4B-00C04F79EFBC}") = "HardCalculator", "HardCalculator\HardCalculator.csproj", "{54BA50DA-7CED-4238-9D33-51BEE5A76655}"
EndProject
Global
	GlobalSection(SolutionConfigurationPlatforms) = preSolution
		Debug|Any CPU = Debug|Any CPU
		Release|Any CPU = Release|Any CPU
	EndGlobalSection
	GlobalSection(ProjectConfigurationPlatforms) = postSolution
		{54BA50DA-7CED-4238-9D33-51BEE5A76655}.Debug|Any CPU.ActiveCfg = Debug|Any CPU
		{54BA50DA-7CED-4238-9D33-51BEE5A76655}.Debug|Any CPU.Build.0 = Debug|Any CPU
		{54BA50DA-7CED-4238-9D33-51BEE5A76655}.Release|Any CPU.ActiveCfg = Release|Any CPU
		{54BA50DA-7CED-4238-9D33-51BEE5A76655}.Release|Any CPU.Build.0 = Release|Any CPU
	EndGlobalSection
	GlobalSection(SolutionProperties) = preSolution
		HideSolutionNode = FALSE
	EndGlobalSection
	GlobalSection(ExtensibilityGlobals) = postSolution
		SolutionGuid = {A32B118B-4033-4FC4-8ABA-B0E73FA3A817}
	EndGlobalSection
EndGlobal
